{
  "version": "4",
  "specifiers": {
    "jsr:@std/assert@1": "1.0.6",
    "jsr:@std/dotenv@~0.225.2": "0.225.2",
    "jsr:@std/internal@^1.0.4": "1.0.4",
    "jsr:@std/path@^1.0.6": "1.0.6",
    "npm:@prisma/client@^5.20.0": "5.20.0_prisma@5.20.0",
    "npm:@types/node@*": "22.5.4",
    "npm:prisma@*": "5.20.0",
    "npm:prisma@^5.20.0": "5.20.0"
  },
  "jsr": {
    "@std/assert@1.0.6": {
      "integrity": "1904c05806a25d94fe791d6d883b685c9e2dcd60e4f9fc30f4fc5cf010c72207",
      "dependencies": [
        "jsr:@std/internal"
      ]
    },
    "@std/dotenv@0.225.2": {
      "integrity": "e2025dce4de6c7bca21dece8baddd4262b09d5187217e231b033e088e0c4dd23"
    },
    "@std/internal@1.0.4": {
      "integrity": "62e8e4911527e5e4f307741a795c0b0a9e6958d0b3790716ae71ce085f755422"
    },
    "@std/path@1.0.6": {
      "integrity": "ab2c55f902b380cf28e0eec501b4906e4c1960d13f00e11cfbcd21de15f18fed"
    }
  },
  "npm": {
    "@prisma/client@5.20.0_prisma@5.20.0": {
      "integrity": "sha512-CLv55ZuMuUawMsxoqxGtLT3bEZoa2W8L3Qnp6rDIFWy+ZBrUcOFKdoeGPSnbBqxc3SkdxJrF+D1veN/WNynZYA==",
      "dependencies": [
        "prisma"
      ]
    },
    "@prisma/debug@5.20.0": {
      "integrity": "sha512-oCx79MJ4HSujokA8S1g0xgZUGybD4SyIOydoHMngFYiwEwYDQ5tBQkK5XoEHuwOYDKUOKRn/J0MEymckc4IgsQ=="
    },
    "@prisma/engines-version@5.20.0-12.06fc58a368dc7be9fbbbe894adf8d445d208c284": {
      "integrity": "sha512-Lg8AS5lpi0auZe2Mn4gjuCg081UZf88k3cn0RCwHgR+6cyHHpttPZBElJTHf83ZGsRNAmVCZCfUGA57WB4u4JA=="
    },
    "@prisma/engines@5.20.0": {
      "integrity": "sha512-DtqkP+hcZvPEbj8t8dK5df2b7d3B8GNauKqaddRRqQBBlgkbdhJkxhoJTrOowlS3vaRt2iMCkU0+CSNn0KhqAQ==",
      "dependencies": [
        "@prisma/debug",
        "@prisma/engines-version",
        "@prisma/fetch-engine",
        "@prisma/get-platform"
      ]
    },
    "@prisma/fetch-engine@5.20.0": {
      "integrity": "sha512-JVcaPXC940wOGpCOwuqQRTz6I9SaBK0c1BAyC1pcz9xBi+dzFgUu3G/p9GV1FhFs9OKpfSpIhQfUJE9y00zhqw==",
      "dependencies": [
        "@prisma/debug",
        "@prisma/engines-version",
        "@prisma/get-platform"
      ]
    },
    "@prisma/get-platform@5.20.0": {
      "integrity": "sha512-8/+CehTZZNzJlvuryRgc77hZCWrUDYd/PmlZ7p2yNXtmf2Una4BWnTbak3us6WVdqoz5wmptk6IhsXdG2v5fmA==",
      "dependencies": [
        "@prisma/debug"
      ]
    },
    "@types/node@22.5.4": {
      "integrity": "sha512-FDuKUJQm/ju9fT/SeX/6+gBzoPzlVCzfzmGkwKvRHQVxi4BntVbyIwf6a4Xn62mrvndLiml6z/UBXIdEVjQLXg==",
      "dependencies": [
        "undici-types"
      ]
    },
    "fsevents@2.3.3": {
      "integrity": "sha512-5xoDfX+fL7faATnagmWPpbFtwh/R77WmMMqqHGS65C3vvB0YHrgF+B1YmZ3441tMj5n63k0212XNoJwzlhffQw=="
    },
    "prisma@5.20.0": {
      "integrity": "sha512-6obb3ucKgAnsGS9x9gLOe8qa51XxvJ3vLQtmyf52CTey1Qcez3A6W6ROH5HIz5Q5bW+0VpmZb8WBohieMFGpig==",
      "dependencies": [
        "@prisma/engines",
        "fsevents"
      ]
    },
    "undici-types@6.19.8": {
      "integrity": "sha512-ve2KP6f/JnbPBFyobGHuerC9g1FYGn/F8n1LWTwNxCEzd6IfqTwUQcNXgEtmmQ6DlRrC1hrSrBnCZPokRrDHjw=="
    }
  },
  "workspace": {
    "dependencies": [
      "jsr:@std/assert@1",
      "jsr:@std/dotenv@~0.225.2",
      "jsr:@std/path@^1.0.6",
      "npm:@prisma/client@^5.20.0",
      "npm:prisma@^5.20.0"
    ]
  }
}
